// !$*UTF8*$!
{
	archiveVersion = 1;
	classes = {
	};
	objectVersion = 50;
	objects = {

/* Begin PBXBuildFile section */
		6A1571612730DB81009822C2 /* Localizable.strings in Resources */ = {isa = PBXBuildFile; fileRef = 6A1571632730DB81009822C2 /* Localizable.strings */; };
		6A89380A272F8E86000DE04D /* AppDelegate.swift in Sources */ = {isa = PBXBuildFile; fileRef = 6A893809272F8E86000DE04D /* AppDelegate.swift */; };
		6A89380C272F8E86000DE04D /* SceneDelegate.swift in Sources */ = {isa = PBXBuildFile; fileRef = 6A89380B272F8E86000DE04D /* SceneDelegate.swift */; };
		6A89380E272F8E86000DE04D /* ViewController.swift in Sources */ = {isa = PBXBuildFile; fileRef = 6A89380D272F8E86000DE04D /* ViewController.swift */; };
		6A893811272F8E86000DE04D /* Main.storyboard in Resources */ = {isa = PBXBuildFile; fileRef = 6A89380F272F8E86000DE04D /* Main.storyboard */; };
		6A893814272F8E86000DE04D /* BucketList.xcdatamodeld in Sources */ = {isa = PBXBuildFile; fileRef = 6A893812272F8E86000DE04D /* BucketList.xcdatamodeld */; };
		6A893816272F8E89000DE04D /* Assets.xcassets in Resources */ = {isa = PBXBuildFile; fileRef = 6A893815272F8E89000DE04D /* Assets.xcassets */; };
		6A893819272F8E89000DE04D /* LaunchScreen.storyboard in Resources */ = {isa = PBXBuildFile; fileRef = 6A893817272F8E89000DE04D /* LaunchScreen.storyboard */; };
		6A893821272F98C3000DE04D /* AddVC.swift in Sources */ = {isa = PBXBuildFile; fileRef = 6A893820272F98C3000DE04D /* AddVC.swift */; };
		6A893823272F99BC000DE04D /* StatVC.swift in Sources */ = {isa = PBXBuildFile; fileRef = 6A893822272F99BC000DE04D /* StatVC.swift */; };
		6A893831272FAB38000DE04D /* PlaceCell.swift in Sources */ = {isa = PBXBuildFile; fileRef = 6A893830272FAB38000DE04D /* PlaceCell.swift */; };
		6A893833272FBE67000DE04D /* PlaceType.swift in Sources */ = {isa = PBXBuildFile; fileRef = 6A893832272FBE67000DE04D /* PlaceType.swift */; };
/* End PBXBuildFile section */

/* Begin PBXFileReference section */
		6A1571622730DB81009822C2 /* en */ = {isa = PBXFileReference; lastKnownFileType = text.plist.strings; name = en; path = en.lproj/Localizable.strings; sourceTree = "<group>"; };
		6A1571672730DEF0009822C2 /* zh-Hant */ = {isa = PBXFileReference; lastKnownFileType = text.plist.strings; name = "zh-Hant"; path = "zh-Hant.lproj/Localizable.strings"; sourceTree = "<group>"; };
		6A893806272F8E86000DE04D /* BucketList.app */ = {isa = PBXFileReference; explicitFileType = wrapper.application; includeInIndex = 0; path = BucketList.app; sourceTree = BUILT_PRODUCTS_DIR; };
		6A893809272F8E86000DE04D /* AppDelegate.swift */ = {isa = PBXFileReference; lastKnownFileType = sourcecode.swift; path = AppDelegate.swift; sourceTree = "<group>"; };
		6A89380B272F8E86000DE04D /* SceneDelegate.swift */ = {isa = PBXFileReference; lastKnownFileType = sourcecode.swift; path = SceneDelegate.swift; sourceTree = "<group>"; };
		6A89380D272F8E86000DE04D /* ViewController.swift */ = {isa = PBXFileReference; lastKnownFileType = sourcecode.swift; path = ViewController.swift; sourceTree = "<group>"; };
		6A893810272F8E86000DE04D /* Base */ = {isa = PBXFileReference; lastKnownFileType = file.storyboard; name = Base; path = Base.lproj/Main.storyboard; sourceTree = "<group>"; };
		6A893813272F8E86000DE04D /* BucketList.xcdatamodel */ = {isa = PBXFileReference; lastKnownFileType = wrapper.xcdatamodel; path = BucketList.xcdatamodel; sourceTree = "<group>"; };
		6A893815272F8E89000DE04D /* Assets.xcassets */ = {isa = PBXFileReference; lastKnownFileType = folder.assetcatalog; path = Assets.xcassets; sourceTree = "<group>"; };
		6A893818272F8E89000DE04D /* Base */ = {isa = PBXFileReference; lastKnownFileType = file.storyboard; name = Base; path = Base.lproj/LaunchScreen.storyboard; sourceTree = "<group>"; };
		6A89381A272F8E89000DE04D /* Info.plist */ = {isa = PBXFileReference; lastKnownFileType = text.plist.xml; path = Info.plist; sourceTree = "<group>"; };
		6A893820272F98C3000DE04D /* AddVC.swift */ = {isa = PBXFileReference; lastKnownFileType = sourcecode.swift; path = AddVC.swift; sourceTree = "<group>"; };
		6A893822272F99BC000DE04D /* StatVC.swift */ = {isa = PBXFileReference; lastKnownFileType = sourcecode.swift; path = StatVC.swift; sourceTree = "<group>"; };
		6A893830272FAB38000DE04D /* PlaceCell.swift */ = {isa = PBXFileReference; fileEncoding = 4; lastKnownFileType = sourcecode.swift; path = PlaceCell.swift; sourceTree = "<group>"; };
		6A893832272FBE67000DE04D /* PlaceType.swift */ = {isa = PBXFileReference; lastKnownFileType = sourcecode.swift; path = PlaceType.swift; sourceTree = "<group>"; };
/* End PBXFileReference section */

/* Begin PBXFrameworksBuildPhase section */
		6A893803272F8E86000DE04D /* Frameworks */ = {
			isa = PBXFrameworksBuildPhase;
			buildActionMask = 2147483647;
			files = (
			);
			runOnlyForDeploymentPostprocessing = 0;
		};
/* End PBXFrameworksBuildPhase section */

/* Begin PBXGroup section */
		6A8937FD272F8E86000DE04D = {
			isa = PBXGroup;
			children = (
				6A893808272F8E86000DE04D /* BucketList */,
				6A893807272F8E86000DE04D /* Products */,
			);
			sourceTree = "<group>";
		};
		6A893807272F8E86000DE04D /* Products */ = {
			isa = PBXGroup;
			children = (
				6A893806272F8E86000DE04D /* BucketList.app */,
			);
			name = Products;
			sourceTree = "<group>";
		};
		6A893808272F8E86000DE04D /* BucketList */ = {
			isa = PBXGroup;
			children = (
				6A893809272F8E86000DE04D /* AppDelegate.swift */,
				6A893832272FBE67000DE04D /* PlaceType.swift */,
				6A89380B272F8E86000DE04D /* SceneDelegate.swift */,
				6A89380D272F8E86000DE04D /* ViewController.swift */,
				6A893830272FAB38000DE04D /* PlaceCell.swift */,
				6A89380F272F8E86000DE04D /* Main.storyboard */,
				6A893815272F8E89000DE04D /* Assets.xcassets */,
				6A893820272F98C3000DE04D /* AddVC.swift */,
				6A893822272F99BC000DE04D /* StatVC.swift */,
				6A893817272F8E89000DE04D /* LaunchScreen.storyboard */,
				6A89381A272F8E89000DE04D /* Info.plist */,
				6A893812272F8E86000DE04D /* BucketList.xcdatamodeld */,
				6A1571632730DB81009822C2 /* Localizable.strings */,
			);
			path = BucketList;
			sourceTree = "<group>";
		};
/* End PBXGroup section */

/* Begin PBXNativeTarget section */
		6A893805272F8E86000DE04D /* BucketList */ = {
			isa = PBXNativeTarget;
			buildConfigurationList = 6A89381D272F8E89000DE04D /* Build configuration list for PBXNativeTarget "BucketList" */;
			buildPhases = (
				6A893802272F8E86000DE04D /* Sources */,
				6A893803272F8E86000DE04D /* Frameworks */,
				6A893804272F8E86000DE04D /* Resources */,
			);
			buildRules = (
			);
			dependencies = (
			);
			name = BucketList;
			productName = BucketList;
			productReference = 6A893806272F8E86000DE04D /* BucketList.app */;
			productType = "com.apple.product-type.application";
		};
/* End PBXNativeTarget section */

/* Begin PBXProject section */
		6A8937FE272F8E86000DE04D /* Project object */ = {
			isa = PBXProject;
			attributes = {
				LastSwiftUpdateCheck = 1250;
				LastUpgradeCheck = 1250;
				TargetAttributes = {
					6A893805272F8E86000DE04D = {
						CreatedOnToolsVersion = 12.5.1;
					};
				};
			};
			buildConfigurationList = 6A893801272F8E86000DE04D /* Build configuration list for PBXProject "BucketList" */;
			compatibilityVersion = "Xcode 9.3";
			developmentRegion = en;
			hasScannedForEncodings = 0;
			knownRegions = (
				en,
				Base,
				"zh-Hans",
				"zh-Hant",
			);
			mainGroup = 6A8937FD272F8E86000DE04D;
			productRefGroup = 6A893807272F8E86000DE04D /* Products */;
			projectDirPath = "";
			projectRoot = "";
			targets = (
				6A893805272F8E86000DE04D /* BucketList */,
			);
		};
/* End PBXProject section */

/* Begin PBXResourcesBuildPhase section */
		6A893804272F8E86000DE04D /* Resources */ = {
			isa = PBXResourcesBuildPhase;
			buildActionMask = 2147483647;
			files = (
				6A893819272F8E89000DE04D /* LaunchScreen.storyboard in Resources */,
				6A1571612730DB81009822C2 /* Localizable.strings in Resources */,
				6A893816272F8E89000DE04D /* Assets.xcassets in Resources */,
				6A893811272F8E86000DE04D /* Main.storyboard in Resources */,
			);
			runOnlyForDeploymentPostprocessing = 0;
		};
/* End PBXResourcesBuildPhase section */

/* Begin PBXSourcesBuildPhase section */
		6A893802272F8E86000DE04D /* Sources */ = {
			isa = PBXSourcesBuildPhase;
			buildActionMask = 2147483647;
			files = (
				6A893823272F99BC000DE04D /* StatVC.swift in Sources */,
				6A893833272FBE67000DE04D /* PlaceType.swift in Sources */,
				6A89380E272F8E86000DE04D /* ViewController.swift in Sources */,
				6A893814272F8E86000DE04D /* BucketList.xcdatamodeld in Sources */,
				6A89380A272F8E86000DE04D /* AppDelegate.swift in Sources */,
				6A89380C272F8E86000DE04D /* SceneDelegate.swift in Sources */,
				6A893821272F98C3000DE04D /* AddVC.swift in Sources */,
				6A893831272FAB38000DE04D /* PlaceCell.swift in Sources */,
			);
			runOnlyForDeploymentPostprocessing = 0;
		};
/* End PBXSourcesBuildPhase section */

/* Begin PBXVariantGroup section */
		6A1571632730DB81009822C2 /* Localizable.strings */ = {
			isa = PBXVariantGroup;
			children = (
				6A1571622730DB81009822C2 /* en */,
				6A1571672730DEF0009822C2 /* zh-Hant */,
			);
			name = Localizable.strings;
			sourceTree = "<group>";
		};
		6A89380F272F8E86000DE04D /* Main.storyboard */ = {
			isa = PBXVariantGroup;
			children = (
				6A893810272F8E86000DE04D /* Base */,
			);
			name = Main.storyboard;
			sourceTree = "<group>";
		};
		6A893817272F8E89000DE04D /* LaunchScreen.storyboard */ = {
			isa = PBXVariantGroup;
			children = (
				6A893818272F8E89000DE04D /* Base */,
			);
			name = LaunchScreen.storyboard;
			sourceTree = "<group>";
		};
/* End PBXVariantGroup section */

/* Begin XCBuildConfiguration section */
		6A89381B272F8E89000DE04D /* Debug */ = {
			isa = XCBuildConfiguration;
			buildSettings = {
				ALWAYS_SEARCH_USER_PATHS = NO;
				CLANG_ANALYZER_LOCALIZABILITY_NONLOCALIZED = YES;
				CLANG_ANALYZER_NONNULL = YES;
				CLANG_ANALYZER_NUMBER_OBJECT_CONVERSION = YES_AGGRESSIVE;
				CLANG_CXX_LANGUAGE_STANDARD = "gnu++14";
				CLANG_CXX_LIBRARY = "libc++";
				CLANG_ENABLE_MODULES = YES;
				CLANG_ENABLE_OBJC_ARC = YES;
				CLANG_ENABLE_OBJC_WEAK = YES;
				CLANG_WARN_BLOCK_CAPTURE_AUTORELEASING = YES;
				CLANG_WARN_BOOL_CONVERSION = YES;
				CLANG_WARN_COMMA = YES;
				CLANG_WARN_CONSTANT_CONVERSION = YES;
				CLANG_WARN_DEPRECATED_OBJC_IMPLEMENTATIONS = YES;
				CLANG_WARN_DIRECT_OBJC_ISA_USAGE = YES_ERROR;
				CLANG_WARN_DOCUMENTATION_COMMENTS = YES;
				CLANG_WARN_EMPTY_BODY = YES;
				CLANG_WARN_ENUM_CONVERSION = YES;
				CLANG_WARN_INFINITE_RECURSION = YES;
				CLANG_WARN_INT_CONVERSION = YES;
				CLANG_WARN_NON_LITERAL_NULL_CONVERSION = YES;
				CLANG_WARN_OBJC_IMPLICIT_RETAIN_SELF = YES;
				CLANG_WARN_OBJC_LITERAL_CONVERSION = YES;
				CLANG_WARN_OBJC_ROOT_CLASS = YES_ERROR;
				CLANG_WARN_QUOTED_INCLUDE_IN_FRAMEWORK_HEADER = YES;
				CLANG_WARN_RANGE_LOOP_ANALYSIS = YES;
				CLANG_WARN_STRICT_PROTOTYPES = YES;
				CLANG_WARN_SUSPICIOUS_MOVE = YES;
				CLANG_WARN_UNGUARDED_AVAILABILITY = YES_AGGRESSIVE;
				CLANG_WARN_UNREACHABLE_CODE = YES;
				CLANG_WARN__DUPLICATE_METHOD_MATCH = YES;
				COPY_PHASE_STRIP = NO;
				DEBUG_INFORMATION_FORMAT = dwarf;
				ENABLE_STRICT_OBJC_MSGSEND = YES;
				ENABLE_TESTABILITY = YES;
				GCC_C_LANGUAGE_STANDARD = gnu11;
				GCC_DYNAMIC_NO_PIC = NO;
				GCC_NO_COMMON_BLOCKS = YES;
				GCC_OPTIMIZATION_LEVEL = 0;
				GCC_PREPROCESSOR_DEFINITIONS = (
					"DEBUG=1",
					"$(inherited)",
				);
				GCC_WARN_64_TO_32_BIT_CONVERSION = YES;
				GCC_WARN_ABOUT_RETURN_TYPE = YES_ERROR;
				GCC_WARN_UNDECLARED_SELECTOR = YES;
				GCC_WARN_UNINITIALIZED_AUTOS = YES_AGGRESSIVE;
				GCC_WARN_UNUSED_FUNCTION = YES;
				GCC_WARN_UNUSED_VARIABLE = YES;
				IPHONEOS_DEPLOYMENT_TARGET = 14.5;
				MTL_ENABLE_DEBUG_INFO = INCLUDE_SOURCE;
				MTL_FAST_MATH = YES;
				ONLY_ACTIVE_ARCH = YES;
				SDKROOT = iphoneos;
				SWIFT_ACTIVE_COMPILATION_CONDITIONS = DEBUG;
				SWIFT_OPTIMIZATION_LEVEL = "-Onone";
			};
			name = Debug;
		};
		6A89381C272F8E89000DE04D /* Release */ = {
			isa = XCBuildConfiguration;
			buildSettings = {
				ALWAYS_SEARCH_USER_PATHS = NO;
				CLANG_ANALYZER_LOCALIZABILITY_NONLOCALIZED = YES;
				CLANG_ANALYZER_NONNULL = YES;
				CLANG_ANALYZER_NUMBER_OBJECT_CONVERSION = YES_AGGRESSIVE;
				CLANG_CXX_LANGUAGE_STANDARD = "gnu++14";
				CLANG_CXX_LIBRARY = "libc++";
				CLANG_ENABLE_MODULES = YES;
				CLANG_ENABLE_OBJC_ARC = YES;
				CLANG_ENABLE_OBJC_WEAK = YES;
				CLANG_WARN_BLOCK_CAPTURE_AUTORELEASING = YES;
				CLANG_WARN_BOOL_CONVERSION = YES;
				CLANG_WARN_COMMA = YES;
				CLANG_WARN_CONSTANT_CONVERSION = YES;
				CLANG_WARN_DEPRECATED_OBJC_IMPLEMENTATIONS = YES;
				CLANG_WARN_DIRECT_OBJC_ISA_USAGE = YES_ERROR;
				CLANG_WARN_DOCUMENTATION_COMMENTS = YES;
				CLANG_WARN_EMPTY_BODY = YES;
				CLANG_WARN_ENUM_CONVERSION = YES;
				CLANG_WARN_INFINITE_RECURSION = YES;
				CLANG_WARN_INT_CONVERSION = YES;
				CLANG_WARN_NON_LITERAL_NULL_CONVERSION = YES;
				CLANG_WARN_OBJC_IMPLICIT_RETAIN_SELF = YES;
				CLANG_WARN_OBJC_LITERAL_CONVERSION = YES;
				CLANG_WARN_OBJC_ROOT_CLASS = YES_ERROR;
				CLANG_WARN_QUOTED_INCLUDE_IN_FRAMEWORK_HEADER = YES;
				CLANG_WARN_RANGE_LOOP_ANALYSIS = YES;
				CLANG_WARN_STRICT_PROTOTYPES = YES;
				CLANG_WARN_SUSPICIOUS_MOVE = YES;
				CLANG_WARN_UNGUARDED_AVAILABILITY = YES_AGGRESSIVE;
				CLANG_WARN_UNREACHABLE_CODE = YES;
				CLANG_WARN__DUPLICATE_METHOD_MATCH = YES;
				COPY_PHASE_STRIP = NO;
				DEBUG_INFORMATION_FORMAT = "dwarf-with-dsym";
				ENABLE_NS_ASSERTIONS = NO;
				ENABLE_STRICT_OBJC_MSGSEND = YES;
				GCC_C_LANGUAGE_STANDARD = gnu11;
				GCC_NO_COMMON_BLOCKS = YES;
				GCC_WARN_64_TO_32_BIT_CONVERSION = YES;
				GCC_WARN_ABOUT_RETURN_TYPE = YES_ERROR;
				GCC_WARN_UNDECLARED_SELECTOR = YES;
				GCC_WARN_UNINITIALIZED_AUTOS = YES_AGGRESSIVE;
				GCC_WARN_UNUSED_FUNCTION = YES;
				GCC_WARN_UNUSED_VARIABLE = YES;
				IPHONEOS_DEPLOYMENT_TARGET = 14.5;
				MTL_ENABLE_DEBUG_INFO = NO;
				MTL_FAST_MATH = YES;
				SDKROOT = iphoneos;
				SWIFT_COMPILATION_MODE = wholemodule;
				SWIFT_OPTIMIZATION_LEVEL = "-O";
				VALIDATE_PRODUCT = YES;
			};
			name = Release;
		};
		6A89381E272F8E89000DE04D /* Debug */ = {
			isa = XCBuildConfiguration;
			buildSettings = {
				ASSETCATALOG_COMPILER_APPICON_NAME = AppIcon;
				ASSETCATALOG_COMPILER_GLOBAL_ACCENT_COLOR_NAME = AccentColor;
				CODE_SIGN_STYLE = Automatic;
				DEVELOPMENT_TEAM = HGRW8LJPL6;
				INFOPLIST_FILE = BucketList/Info.plist;
				LD_RUNPATH_SEARCH_PATHS = (
					"$(inherited)",
					"@executable_path/Frameworks",
				);
				PRODUCT_BUNDLE_IDENTIFIER = com.zheng9.BucketList;
				PRODUCT_NAME = "$(TARGET_NAME)";
				SWIFT_VERSION = 5.0;
				TARGETED_DEVICE_FAMILY = "1,2";
			};
			name = Debug;
		};
		6A89381F272F8E89000DE04D /* Release */ = {
			isa = XCBuildConfiguration;
			buildSettings = {
				ASSETCATALOG_COMPILER_APPICON_NAME = AppIcon;
				ASSETCATALOG_COMPILER_GLOBAL_ACCENT_COLOR_NAME = AccentColor;
				CODE_SIGN_STYLE = Automatic;
				DEVELOPMENT_TEAM = HGRW8LJPL6;
				INFOPLIST_FILE = BucketList/Info.plist;
				LD_RUNPATH_SEARCH_PATHS = (
					"$(inherited)",
					"@executable_path/Frameworks",
				);
				PRODUCT_BUNDLE_IDENTIFIER = com.zheng9.BucketList;
				PRODUCT_NAME = "$(TARGET_NAME)";
				SWIFT_VERSION = 5.0;
				TARGETED_DEVICE_FAMILY = "1,2";
			};
			name = Release;
		};
/* End XCBuildConfiguration section */

/* Begin XCConfigurationList section */
		6A893801272F8E86000DE04D /* Build configuration list for PBXProject "BucketList" */ = {
			isa = XCConfigurationList;
			buildConfigurations = (
				6A89381B272F8E89000DE04D /* Debug */,
				6A89381C272F8E89000DE04D /* Release */,
			);
			defaultConfigurationIsVisible = 0;
			defaultConfigurationName = Release;
		};
		6A89381D272F8E89000DE04D /* Build configuration list for PBXNativeTarget "BucketList" */ = {
			isa = XCConfigurationList;
			buildConfigurations = (
				6A89381E272F8E89000DE04D /* Debug */,
				6A89381F272F8E89000DE04D /* Release */,
			);
			defaultConfigurationIsVisible = 0;
			defaultConfigurationName = Release;
		};
/* End XCConfigurationList section */

/* Begin XCVersionGroup section */
		6A893812272F8E86000DE04D /* BucketList.xcdatamodeld */ = {
			isa = XCVersionGroup;
			children = (
				6A893813272F8E86000DE04D /* BucketList.xcdatamodel */,
			);
			currentVersion = 6A893813272F8E86000DE04D /* BucketList.xcdatamodel */;
			path = BucketList.xcdatamodeld;
			sourceTree = "<group>";
			versionGroupType = wrapper.xcdatamodel;
		};
/* End XCVersionGroup section */
	};
	rootObject = 6A8937FE272F8E86000DE04D /* Project object */;
}
